
Microsoft Visual Studio Solution File, Format Version 12.00
# Visual Studio Version 17
VisualStudioVersion = 17.4.33110.190
MinimumVisualStudioVersion = 10.0.40219.1
Project("{FAE04EC0-301F-11D3-BF4B-00C04F79EFBC}") = "Exercicio POO", "Exercicio POO\Exercicio POO.csproj", "{7C28450A-CF64-435E-94E8-06E905084717}"
EndProject
Global
	GlobalSection(SolutionConfigurationPlatforms) = preSolution
		Debug|Any CPU = Debug|Any CPU
		Release|Any CPU = Release|Any CPU
	EndGlobalSection
	GlobalSection(ProjectConfigurationPlatforms) = postSolution
		{7C28450A-CF64-435E-94E8-06E905084717}.Debug|Any CPU.ActiveCfg = Debug|Any CPU
		{7C28450A-CF64-435E-94E8-06E905084717}.Debug|Any CPU.Build.0 = Debug|Any CPU
		{7C28450A-CF64-435E-94E8-06E905084717}.Release|Any CPU.ActiveCfg = Release|Any CPU
		{7C28450A-CF64-435E-94E8-06E905084717}.Release|Any CPU.Build.0 = Release|Any CPU
	EndGlobalSection
	GlobalSection(SolutionProperties) = preSolution
		HideSolutionNode = FALSE
	EndGlobalSection
	GlobalSection(ExtensibilityGlobals) = postSolution
		SolutionGuid = {F0F3BF48-766F-4DE5-8E6E-B8E637D6141B}
	EndGlobalSection
EndGlobal
